{
  "lockfileVersion": 1,
  "dependencies": {
    "effects-as-data": {
      "version": "2.12.0",
      "resolved": "https://registry.npmjs.org/effects-as-data/-/effects-as-data-2.12.0.tgz",
      "integrity": "sha512-hPH24lMZ8rXO0lGApawhCK3U6CRGlBtTn5bdpw/+C88WAaIJ7MeoY5oaE/HoKlWDgyVtJOsfWzShry53iFXjNw=="
    },
    "effects-as-data-universal": {
      "version": "https://registry.npmjs.org/effects-as-data-universal/-/effects-as-data-universal-3.1.0.tgz",
      "integrity": "sha1-DTSHooYMMqdix/Cfzc0c5ZMvOi0="
    },
    "encoding": {
      "version": "https://registry.npmjs.org/encoding/-/encoding-0.1.12.tgz",
      "integrity": "sha1-U4tm8+5izRq1HsMjgp0flIDHS+s="
    },
    "fetch-everywhere": {
      "version": "https://registry.npmjs.org/fetch-everywhere/-/fetch-everywhere-1.0.5.tgz",
      "integrity": "sha1-skl/R6V9kCazkHwJdWrPX0vTTos="
    },
    "iconv-lite": {
      "version": "https://registry.npmjs.org/iconv-lite/-/iconv-lite-0.4.18.tgz",
      "integrity": "sha1-I9hlaxaq5nQqwpcy6o8DNqR4nPI="
    },
    "is-stream": {
      "version": "https://registry.npmjs.org/is-stream/-/is-stream-1.1.0.tgz",
      "integrity": "sha1-EtSj3U5o4Lec6428hBc66A2RykQ="
    },
    "lodash": {
      "version": "https://registry.npmjs.org/lodash/-/lodash-4.17.4.tgz",
      "integrity": "sha1-eCA6TRwyiuHYbcpkYONptX9AVa4="
    },
    "node-fetch": {
      "version": "https://registry.npmjs.org/node-fetch/-/node-fetch-1.7.2.tgz",
      "integrity": "sha1-xU6arFfkModSM1JfPIkcQVn/79c="
    },
    "uuid": {
      "version": "https://registry.npmjs.org/uuid/-/uuid-3.1.0.tgz",
      "integrity": "sha1-PdPT55Crwk17DToDT/q6vijrvAQ="
    },
    "whatwg-fetch": {
      "version": "https://registry.npmjs.org/whatwg-fetch/-/whatwg-fetch-2.0.3.tgz",
      "integrity": "sha1-nITsLc9oGH/wC8ZOEnS0QhduHIQ="
    }
  }
}
